{
    "_meta": {
        "hash": {
            "sha256": "8087ca6eb008dff4b0b04b3c30763bcd8f6242ff0c4ef527f8350e6412ee6a49"
        },
        "pipfile-spec": 6,
        "requires": {
            "python_version": "3"
        },
        "sources": [
            {
                "name": "pypi",
                "url": "https://pypi.org/simple",
                "verify_ssl": true
            }
        ]
    },
    "default": {
        "twitter": {
            "hashes": [
                "sha256:52545fd3b70d3d3807d3ce62d1a256727856d784d1630d64dedcc643aaf0b908",
                "sha256:acdc85e5beea752967bb64c63bde8b915c49a31a01db1b2fecccf9f2c1d5c44d"
            ],
            "index": "pypi",
            "version": "==1.18.0"
        }
    },
    "develop": {}
}
